
Microsoft Visual Studio Solution File, Format Version 12.00
# Visual Studio 15
VisualStudioVersion = 15.0.26124.0
MinimumVisualStudioVersion = 15.0.26124.0
Project("{FAE04EC0-301F-11D3-BF4B-00C04F79EFBC}") = "GameTOP", "GameTOP\GameTOP.csproj", "{301629D1-2DEC-4044-A108-E2FC8639A5B0}"
EndProject
Project("{FAE04EC0-301F-11D3-BF4B-00C04F79EFBC}") = "GameTOP.lib", "GameTOP.lib\GameTOP.lib.csproj", "{38C04DE8-F0CF-44DE-9113-FC795EE59041}"
EndProject
Project("{FAE04EC0-301F-11D3-BF4B-00C04F79EFBC}") = "GameTOP.Interface", "GameTOP.Interface\GameTOP.Interface.csproj", "{82A76E12-64D0-4E57-8269-EDA3CA42FCDA}"
EndProject
Global
	GlobalSection(SolutionConfigurationPlatforms) = preSolution
		Debug|Any CPU = Debug|Any CPU
		Debug|x64 = Debug|x64
		Debug|x86 = Debug|x86
		Release|Any CPU = Release|Any CPU
		Release|x64 = Release|x64
		Release|x86 = Release|x86
	EndGlobalSection
	GlobalSection(SolutionProperties) = preSolution
		HideSolutionNode = FALSE
	EndGlobalSection
	GlobalSection(ProjectConfigurationPlatforms) = postSolution
		{301629D1-2DEC-4044-A108-E2FC8639A5B0}.Debug|Any CPU.ActiveCfg = Debug|Any CPU
		{301629D1-2DEC-4044-A108-E2FC8639A5B0}.Debug|Any CPU.Build.0 = Debug|Any CPU
		{301629D1-2DEC-4044-A108-E2FC8639A5B0}.Debug|x64.ActiveCfg = Debug|Any CPU
		{301629D1-2DEC-4044-A108-E2FC8639A5B0}.Debug|x64.Build.0 = Debug|Any CPU
		{301629D1-2DEC-4044-A108-E2FC8639A5B0}.Debug|x86.ActiveCfg = Debug|Any CPU
		{301629D1-2DEC-4044-A108-E2FC8639A5B0}.Debug|x86.Build.0 = Debug|Any CPU
		{301629D1-2DEC-4044-A108-E2FC8639A5B0}.Release|Any CPU.ActiveCfg = Release|Any CPU
		{301629D1-2DEC-4044-A108-E2FC8639A5B0}.Release|Any CPU.Build.0 = Release|Any CPU
		{301629D1-2DEC-4044-A108-E2FC8639A5B0}.Release|x64.ActiveCfg = Release|Any CPU
		{301629D1-2DEC-4044-A108-E2FC8639A5B0}.Release|x64.Build.0 = Release|Any CPU
		{301629D1-2DEC-4044-A108-E2FC8639A5B0}.Release|x86.ActiveCfg = Release|Any CPU
		{301629D1-2DEC-4044-A108-E2FC8639A5B0}.Release|x86.Build.0 = Release|Any CPU
		{38C04DE8-F0CF-44DE-9113-FC795EE59041}.Debug|Any CPU.ActiveCfg = Debug|Any CPU
		{38C04DE8-F0CF-44DE-9113-FC795EE59041}.Debug|Any CPU.Build.0 = Debug|Any CPU
		{38C04DE8-F0CF-44DE-9113-FC795EE59041}.Debug|x64.ActiveCfg = Debug|Any CPU
		{38C04DE8-F0CF-44DE-9113-FC795EE59041}.Debug|x64.Build.0 = Debug|Any CPU
		{38C04DE8-F0CF-44DE-9113-FC795EE59041}.Debug|x86.ActiveCfg = Debug|Any CPU
		{38C04DE8-F0CF-44DE-9113-FC795EE59041}.Debug|x86.Build.0 = Debug|Any CPU
		{38C04DE8-F0CF-44DE-9113-FC795EE59041}.Release|Any CPU.ActiveCfg = Release|Any CPU
		{38C04DE8-F0CF-44DE-9113-FC795EE59041}.Release|Any CPU.Build.0 = Release|Any CPU
		{38C04DE8-F0CF-44DE-9113-FC795EE59041}.Release|x64.ActiveCfg = Release|Any CPU
		{38C04DE8-F0CF-44DE-9113-FC795EE59041}.Release|x64.Build.0 = Release|Any CPU
		{38C04DE8-F0CF-44DE-9113-FC795EE59041}.Release|x86.ActiveCfg = Release|Any CPU
		{38C04DE8-F0CF-44DE-9113-FC795EE59041}.Release|x86.Build.0 = Release|Any CPU
		{82A76E12-64D0-4E57-8269-EDA3CA42FCDA}.Debug|Any CPU.ActiveCfg = Debug|Any CPU
		{82A76E12-64D0-4E57-8269-EDA3CA42FCDA}.Debug|Any CPU.Build.0 = Debug|Any CPU
		{82A76E12-64D0-4E57-8269-EDA3CA42FCDA}.Debug|x64.ActiveCfg = Debug|Any CPU
		{82A76E12-64D0-4E57-8269-EDA3CA42FCDA}.Debug|x64.Build.0 = Debug|Any CPU
		{82A76E12-64D0-4E57-8269-EDA3CA42FCDA}.Debug|x86.ActiveCfg = Debug|Any CPU
		{82A76E12-64D0-4E57-8269-EDA3CA42FCDA}.Debug|x86.Build.0 = Debug|Any CPU
		{82A76E12-64D0-4E57-8269-EDA3CA42FCDA}.Release|Any CPU.ActiveCfg = Release|Any CPU
		{82A76E12-64D0-4E57-8269-EDA3CA42FCDA}.Release|Any CPU.Build.0 = Release|Any CPU
		{82A76E12-64D0-4E57-8269-EDA3CA42FCDA}.Release|x64.ActiveCfg = Release|Any CPU
		{82A76E12-64D0-4E57-8269-EDA3CA42FCDA}.Release|x64.Build.0 = Release|Any CPU
		{82A76E12-64D0-4E57-8269-EDA3CA42FCDA}.Release|x86.ActiveCfg = Release|Any CPU
		{82A76E12-64D0-4E57-8269-EDA3CA42FCDA}.Release|x86.Build.0 = Release|Any CPU
	EndGlobalSection
EndGlobal
